
Microsoft Visual Studio Solution File, Format Version 12.00
# Visual Studio Version 17
VisualStudioVersion = 17.0.32112.339
MinimumVisualStudioVersion = 10.0.40219.1
Project("{FAE04EC0-301F-11D3-BF4B-00C04F79EFBC}") = "Billes_Verden", "Billes_Verden\Billes_Verden.csproj", "{D61954A9-4446-400D-A3AA-DA3B121ED76E}"
EndProject
Global
	GlobalSection(SolutionConfigurationPlatforms) = preSolution
		Debug|Any CPU = Debug|Any CPU
		Release|Any CPU = Release|Any CPU
	EndGlobalSection
	GlobalSection(ProjectConfigurationPlatforms) = postSolution
		{D61954A9-4446-400D-A3AA-DA3B121ED76E}.Debug|Any CPU.ActiveCfg = Debug|Any CPU
		{D61954A9-4446-400D-A3AA-DA3B121ED76E}.Debug|Any CPU.Build.0 = Debug|Any CPU
		{D61954A9-4446-400D-A3AA-DA3B121ED76E}.Release|Any CPU.ActiveCfg = Release|Any CPU
		{D61954A9-4446-400D-A3AA-DA3B121ED76E}.Release|Any CPU.Build.0 = Release|Any CPU
	EndGlobalSection
	GlobalSection(SolutionProperties) = preSolution
		HideSolutionNode = FALSE
	EndGlobalSection
	GlobalSection(ExtensibilityGlobals) = postSolution
		SolutionGuid = {46A0836D-FF09-4559-AC81-6055486E4B53}
	EndGlobalSection
EndGlobal
